
Microsoft Visual Studio Solution File, Format Version 12.00
# Visual Studio Version 16
VisualStudioVersion = 16.0.31613.86
MinimumVisualStudioVersion = 10.0.40219.1
Project("{FAE04EC0-301F-11D3-BF4B-00C04F79EFBC}") = "VeHinhChuNhat", "VeHinhChuNhat\VeHinhChuNhat.csproj", "{833CB029-BCE3-4D75-97F1-F3C26ACA97A1}"
EndProject
Global
	GlobalSection(SolutionConfigurationPlatforms) = preSolution
		Debug|Any CPU = Debug|Any CPU
		Release|Any CPU = Release|Any CPU
	EndGlobalSection
	GlobalSection(ProjectConfigurationPlatforms) = postSolution
		{833CB029-BCE3-4D75-97F1-F3C26ACA97A1}.Debug|Any CPU.ActiveCfg = Debug|Any CPU
		{833CB029-BCE3-4D75-97F1-F3C26ACA97A1}.Debug|Any CPU.Build.0 = Debug|Any CPU
		{833CB029-BCE3-4D75-97F1-F3C26ACA97A1}.Release|Any CPU.ActiveCfg = Release|Any CPU
		{833CB029-BCE3-4D75-97F1-F3C26ACA97A1}.Release|Any CPU.Build.0 = Release|Any CPU
	EndGlobalSection
	GlobalSection(SolutionProperties) = preSolution
		HideSolutionNode = FALSE
	EndGlobalSection
	GlobalSection(ExtensibilityGlobals) = postSolution
		SolutionGuid = {BE083334-660D-4916-941B-F9788B1B4695}
	EndGlobalSection
EndGlobal
