
Microsoft Visual Studio Solution File, Format Version 12.00
# Visual Studio Version 16
VisualStudioVersion = 16.0.31613.86
MinimumVisualStudioVersion = 10.0.40219.1
Project("{FAE04EC0-301F-11D3-BF4B-00C04F79EFBC}") = "KieuDuLieuCuaCShap", "KieuDuLieuCuaCShap\KieuDuLieuCuaCShap.csproj", "{0FE4FBB1-AC16-421B-A817-BB08BC3DC16F}"
EndProject
Global
	GlobalSection(SolutionConfigurationPlatforms) = preSolution
		Debug|Any CPU = Debug|Any CPU
		Release|Any CPU = Release|Any CPU
	EndGlobalSection
	GlobalSection(ProjectConfigurationPlatforms) = postSolution
		{0FE4FBB1-AC16-421B-A817-BB08BC3DC16F}.Debug|Any CPU.ActiveCfg = Debug|Any CPU
		{0FE4FBB1-AC16-421B-A817-BB08BC3DC16F}.Debug|Any CPU.Build.0 = Debug|Any CPU
		{0FE4FBB1-AC16-421B-A817-BB08BC3DC16F}.Release|Any CPU.ActiveCfg = Release|Any CPU
		{0FE4FBB1-AC16-421B-A817-BB08BC3DC16F}.Release|Any CPU.Build.0 = Release|Any CPU
	EndGlobalSection
	GlobalSection(SolutionProperties) = preSolution
		HideSolutionNode = FALSE
	EndGlobalSection
	GlobalSection(ExtensibilityGlobals) = postSolution
		SolutionGuid = {4AB6E7DE-612A-457D-BC5C-DC19706C6998}
	EndGlobalSection
EndGlobal
