
Microsoft Visual Studio Solution File, Format Version 12.00
# Visual Studio Version 16
VisualStudioVersion = 16.0.31613.86
MinimumVisualStudioVersion = 10.0.40219.1
Project("{FAE04EC0-301F-11D3-BF4B-00C04F79EFBC}") = "Bien", "Bien\Bien.csproj", "{39037596-423D-4A9F-95FB-A80D8554A4A9}"
EndProject
Global
	GlobalSection(SolutionConfigurationPlatforms) = preSolution
		Debug|Any CPU = Debug|Any CPU
		Release|Any CPU = Release|Any CPU
	EndGlobalSection
	GlobalSection(ProjectConfigurationPlatforms) = postSolution
		{39037596-423D-4A9F-95FB-A80D8554A4A9}.Debug|Any CPU.ActiveCfg = Debug|Any CPU
		{39037596-423D-4A9F-95FB-A80D8554A4A9}.Debug|Any CPU.Build.0 = Debug|Any CPU
		{39037596-423D-4A9F-95FB-A80D8554A4A9}.Release|Any CPU.ActiveCfg = Release|Any CPU
		{39037596-423D-4A9F-95FB-A80D8554A4A9}.Release|Any CPU.Build.0 = Release|Any CPU
	EndGlobalSection
	GlobalSection(SolutionProperties) = preSolution
		HideSolutionNode = FALSE
	EndGlobalSection
	GlobalSection(ExtensibilityGlobals) = postSolution
		SolutionGuid = {96677E70-243C-49DA-91D7-B35487AA7D9E}
	EndGlobalSection
EndGlobal
